
Microsoft Visual Studio Solution File, Format Version 12.00
# Visual Studio Version 17
VisualStudioVersion = 17.4.33213.308
MinimumVisualStudioVersion = 10.0.40219.1
Project("{FAE04EC0-301F-11D3-BF4B-00C04F79EFBC}") = "MvcMovie", "MvcMovie\MvcMovie.csproj", "{55B9E550-8A6F-4D22-B411-55D3F91A8796}"
EndProject
Global
	GlobalSection(SolutionConfigurationPlatforms) = preSolution
		Debug|Any CPU = Debug|Any CPU
		Release|Any CPU = Release|Any CPU
	EndGlobalSection
	GlobalSection(ProjectConfigurationPlatforms) = postSolution
		{55B9E550-8A6F-4D22-B411-55D3F91A8796}.Debug|Any CPU.ActiveCfg = Debug|Any CPU
		{55B9E550-8A6F-4D22-B411-55D3F91A8796}.Debug|Any CPU.Build.0 = Debug|Any CPU
		{55B9E550-8A6F-4D22-B411-55D3F91A8796}.Release|Any CPU.ActiveCfg = Release|Any CPU
		{55B9E550-8A6F-4D22-B411-55D3F91A8796}.Release|Any CPU.Build.0 = Release|Any CPU
	EndGlobalSection
	GlobalSection(SolutionProperties) = preSolution
		HideSolutionNode = FALSE
	EndGlobalSection
	GlobalSection(ExtensibilityGlobals) = postSolution
		SolutionGuid = {2859E87B-170D-45A1-8FCC-C7BF06ECDCB7}
	EndGlobalSection
EndGlobal
